
Microsoft Visual Studio Solution File, Format Version 12.00
Project("{F2A71F9B-5D33-465A-A702-920D77279786}") = "Day1", "Day1\Day1.fsproj", "{D7D4C2A3-61EF-4F30-BCF4-F6AF54370CE7}"
EndProject
Project("{F2A71F9B-5D33-465A-A702-920D77279786}") = "Day2", "Day2\Day2.fsproj", "{9341F4FF-BCA1-4DD3-8210-FE3C38B34709}"
EndProject
Project("{F2A71F9B-5D33-465A-A702-920D77279786}") = "Day3", "Day3\Day3.fsproj", "{B77ADDDE-4A98-4AA2-ABA2-CD24116AFF86}"
EndProject
Project("{F2A71F9B-5D33-465A-A702-920D77279786}") = "Day4", "Day4\Day4.fsproj", "{60255708-1256-4564-AE5D-9B9A4D047428}"
EndProject
Project("{F2A71F9B-5D33-465A-A702-920D77279786}") = "Day5", "Day5\Day5.fsproj", "{9D2D27B7-2533-47A8-802D-3F2DC6ED5E54}"
EndProject
Project("{F2A71F9B-5D33-465A-A702-920D77279786}") = "Day6", "Day6\Day6.fsproj", "{4A3724CA-5FA5-4794-B68B-AD75ED484780}"
EndProject
Project("{F2A71F9B-5D33-465A-A702-920D77279786}") = "Utilities", "Utilities\Utilities.fsproj", "{AE762A92-D481-42BA-BBD1-47995D37D4F0}"
EndProject
Global
	GlobalSection(SolutionConfigurationPlatforms) = preSolution
		Debug|Any CPU = Debug|Any CPU
		Release|Any CPU = Release|Any CPU
	EndGlobalSection
	GlobalSection(ProjectConfigurationPlatforms) = postSolution
		{D7D4C2A3-61EF-4F30-BCF4-F6AF54370CE7}.Debug|Any CPU.ActiveCfg = Debug|Any CPU
		{D7D4C2A3-61EF-4F30-BCF4-F6AF54370CE7}.Debug|Any CPU.Build.0 = Debug|Any CPU
		{D7D4C2A3-61EF-4F30-BCF4-F6AF54370CE7}.Release|Any CPU.ActiveCfg = Release|Any CPU
		{D7D4C2A3-61EF-4F30-BCF4-F6AF54370CE7}.Release|Any CPU.Build.0 = Release|Any CPU
		{9341F4FF-BCA1-4DD3-8210-FE3C38B34709}.Debug|Any CPU.ActiveCfg = Debug|Any CPU
		{9341F4FF-BCA1-4DD3-8210-FE3C38B34709}.Debug|Any CPU.Build.0 = Debug|Any CPU
		{9341F4FF-BCA1-4DD3-8210-FE3C38B34709}.Release|Any CPU.ActiveCfg = Release|Any CPU
		{9341F4FF-BCA1-4DD3-8210-FE3C38B34709}.Release|Any CPU.Build.0 = Release|Any CPU
		{B77ADDDE-4A98-4AA2-ABA2-CD24116AFF86}.Debug|Any CPU.ActiveCfg = Debug|Any CPU
		{B77ADDDE-4A98-4AA2-ABA2-CD24116AFF86}.Debug|Any CPU.Build.0 = Debug|Any CPU
		{B77ADDDE-4A98-4AA2-ABA2-CD24116AFF86}.Release|Any CPU.ActiveCfg = Release|Any CPU
		{B77ADDDE-4A98-4AA2-ABA2-CD24116AFF86}.Release|Any CPU.Build.0 = Release|Any CPU
		{60255708-1256-4564-AE5D-9B9A4D047428}.Debug|Any CPU.ActiveCfg = Debug|Any CPU
		{60255708-1256-4564-AE5D-9B9A4D047428}.Debug|Any CPU.Build.0 = Debug|Any CPU
		{60255708-1256-4564-AE5D-9B9A4D047428}.Release|Any CPU.ActiveCfg = Release|Any CPU
		{60255708-1256-4564-AE5D-9B9A4D047428}.Release|Any CPU.Build.0 = Release|Any CPU
		{9D2D27B7-2533-47A8-802D-3F2DC6ED5E54}.Debug|Any CPU.ActiveCfg = Debug|Any CPU
		{9D2D27B7-2533-47A8-802D-3F2DC6ED5E54}.Debug|Any CPU.Build.0 = Debug|Any CPU
		{9D2D27B7-2533-47A8-802D-3F2DC6ED5E54}.Release|Any CPU.ActiveCfg = Release|Any CPU
		{9D2D27B7-2533-47A8-802D-3F2DC6ED5E54}.Release|Any CPU.Build.0 = Release|Any CPU
		{4A3724CA-5FA5-4794-B68B-AD75ED484780}.Debug|Any CPU.ActiveCfg = Debug|Any CPU
		{4A3724CA-5FA5-4794-B68B-AD75ED484780}.Debug|Any CPU.Build.0 = Debug|Any CPU
		{4A3724CA-5FA5-4794-B68B-AD75ED484780}.Release|Any CPU.ActiveCfg = Release|Any CPU
		{4A3724CA-5FA5-4794-B68B-AD75ED484780}.Release|Any CPU.Build.0 = Release|Any CPU
		{AE762A92-D481-42BA-BBD1-47995D37D4F0}.Debug|Any CPU.ActiveCfg = Debug|Any CPU
		{AE762A92-D481-42BA-BBD1-47995D37D4F0}.Debug|Any CPU.Build.0 = Debug|Any CPU
		{AE762A92-D481-42BA-BBD1-47995D37D4F0}.Release|Any CPU.ActiveCfg = Release|Any CPU
		{AE762A92-D481-42BA-BBD1-47995D37D4F0}.Release|Any CPU.Build.0 = Release|Any CPU
	EndGlobalSection
EndGlobal
