
Microsoft Visual Studio Solution File, Format Version 12.00
Project("{F2A71F9B-5D33-465A-A702-920D77279786}") = "Day1", "Day1\Day1.fsproj", "{D7D4C2A3-61EF-4F30-BCF4-F6AF54370CE7}"
EndProject
Project("{F2A71F9B-5D33-465A-A702-920D77279786}") = "Day2", "Day2\Day2.fsproj", "{9341F4FF-BCA1-4DD3-8210-FE3C38B34709}"
EndProject
Global
	GlobalSection(SolutionConfigurationPlatforms) = preSolution
		Debug|Any CPU = Debug|Any CPU
		Release|Any CPU = Release|Any CPU
	EndGlobalSection
	GlobalSection(ProjectConfigurationPlatforms) = postSolution
		{D7D4C2A3-61EF-4F30-BCF4-F6AF54370CE7}.Debug|Any CPU.ActiveCfg = Debug|Any CPU
		{D7D4C2A3-61EF-4F30-BCF4-F6AF54370CE7}.Debug|Any CPU.Build.0 = Debug|Any CPU
		{D7D4C2A3-61EF-4F30-BCF4-F6AF54370CE7}.Release|Any CPU.ActiveCfg = Release|Any CPU
		{D7D4C2A3-61EF-4F30-BCF4-F6AF54370CE7}.Release|Any CPU.Build.0 = Release|Any CPU
		{9341F4FF-BCA1-4DD3-8210-FE3C38B34709}.Debug|Any CPU.ActiveCfg = Debug|Any CPU
		{9341F4FF-BCA1-4DD3-8210-FE3C38B34709}.Debug|Any CPU.Build.0 = Debug|Any CPU
		{9341F4FF-BCA1-4DD3-8210-FE3C38B34709}.Release|Any CPU.ActiveCfg = Release|Any CPU
		{9341F4FF-BCA1-4DD3-8210-FE3C38B34709}.Release|Any CPU.Build.0 = Release|Any CPU
	EndGlobalSection
EndGlobal
